
Microsoft Visual Studio Solution File, Format Version 12.00
# Visual Studio Version 17
VisualStudioVersion = 17.8.34309.116
MinimumVisualStudioVersion = 10.0.40219.1
Project("{9A19103F-16F7-4668-BE54-9A1E7A4F7556}") = "explorer", "explorer\explorer.csproj", "{232C2BB8-04DE-4A30-B804-6F5AAC5D19B9}"
EndProject
Project("{9A19103F-16F7-4668-BE54-9A1E7A4F7556}") = "explorer.Desktop", "explorer.Desktop\explorer.Desktop.csproj", "{DF615DF6-4E78-46CB-A203-1FBB699136C4}"
EndProject
Global
	GlobalSection(SolutionConfigurationPlatforms) = preSolution
		Debug|Any CPU = Debug|Any CPU
		Release|Any CPU = Release|Any CPU
	EndGlobalSection
	GlobalSection(ProjectConfigurationPlatforms) = postSolution
		{232C2BB8-04DE-4A30-B804-6F5AAC5D19B9}.Debug|Any CPU.ActiveCfg = Debug|Any CPU
		{232C2BB8-04DE-4A30-B804-6F5AAC5D19B9}.Debug|Any CPU.Build.0 = Debug|Any CPU
		{232C2BB8-04DE-4A30-B804-6F5AAC5D19B9}.Release|Any CPU.ActiveCfg = Release|Any CPU
		{232C2BB8-04DE-4A30-B804-6F5AAC5D19B9}.Release|Any CPU.Build.0 = Release|Any CPU
		{DF615DF6-4E78-46CB-A203-1FBB699136C4}.Debug|Any CPU.ActiveCfg = Debug|Any CPU
		{DF615DF6-4E78-46CB-A203-1FBB699136C4}.Debug|Any CPU.Build.0 = Debug|Any CPU
		{DF615DF6-4E78-46CB-A203-1FBB699136C4}.Release|Any CPU.ActiveCfg = Release|Any CPU
		{DF615DF6-4E78-46CB-A203-1FBB699136C4}.Release|Any CPU.Build.0 = Release|Any CPU
	EndGlobalSection
	GlobalSection(SolutionProperties) = preSolution
		HideSolutionNode = FALSE
	EndGlobalSection
	GlobalSection(ExtensibilityGlobals) = postSolution
		SolutionGuid = {D5F90412-4AD2-4D9E-8F10-B01242CA0329}
	EndGlobalSection
EndGlobal
